
Microsoft Visual Studio Solution File, Format Version 12.00
# Visual Studio Version 17
VisualStudioVersion = 17.1.32210.238
MinimumVisualStudioVersion = 10.0.40219.1
Project("{FAE04EC0-301F-11D3-BF4B-00C04F79EFBC}") = "MyFirstBlazorApp.Server", "Server\MyFirstBlazorApp.Server.csproj", "{4341859D-745E-473B-A274-2E8A021A087A}"
EndProject
Project("{FAE04EC0-301F-11D3-BF4B-00C04F79EFBC}") = "MyFirstBlazorApp.Client", "Client\MyFirstBlazorApp.Client.csproj", "{1392630F-D948-479E-A577-CA29D6A44A38}"
EndProject
Project("{FAE04EC0-301F-11D3-BF4B-00C04F79EFBC}") = "MyFirstBlazorApp.Shared", "Shared\MyFirstBlazorApp.Shared.csproj", "{3C3B560E-F3F1-4A5E-9382-55A0D8A05EC0}"
EndProject
Global
	GlobalSection(SolutionConfigurationPlatforms) = preSolution
		Debug|Any CPU = Debug|Any CPU
		Release|Any CPU = Release|Any CPU
	EndGlobalSection
	GlobalSection(ProjectConfigurationPlatforms) = postSolution
		{4341859D-745E-473B-A274-2E8A021A087A}.Debug|Any CPU.ActiveCfg = Debug|Any CPU
		{4341859D-745E-473B-A274-2E8A021A087A}.Debug|Any CPU.Build.0 = Debug|Any CPU
		{4341859D-745E-473B-A274-2E8A021A087A}.Release|Any CPU.ActiveCfg = Release|Any CPU
		{4341859D-745E-473B-A274-2E8A021A087A}.Release|Any CPU.Build.0 = Release|Any CPU
		{1392630F-D948-479E-A577-CA29D6A44A38}.Debug|Any CPU.ActiveCfg = Debug|Any CPU
		{1392630F-D948-479E-A577-CA29D6A44A38}.Debug|Any CPU.Build.0 = Debug|Any CPU
		{1392630F-D948-479E-A577-CA29D6A44A38}.Release|Any CPU.ActiveCfg = Release|Any CPU
		{1392630F-D948-479E-A577-CA29D6A44A38}.Release|Any CPU.Build.0 = Release|Any CPU
		{3C3B560E-F3F1-4A5E-9382-55A0D8A05EC0}.Debug|Any CPU.ActiveCfg = Debug|Any CPU
		{3C3B560E-F3F1-4A5E-9382-55A0D8A05EC0}.Debug|Any CPU.Build.0 = Debug|Any CPU
		{3C3B560E-F3F1-4A5E-9382-55A0D8A05EC0}.Release|Any CPU.ActiveCfg = Release|Any CPU
		{3C3B560E-F3F1-4A5E-9382-55A0D8A05EC0}.Release|Any CPU.Build.0 = Release|Any CPU
	EndGlobalSection
	GlobalSection(SolutionProperties) = preSolution
		HideSolutionNode = FALSE
	EndGlobalSection
	GlobalSection(ExtensibilityGlobals) = postSolution
		SolutionGuid = {DA75A21A-9181-439E-8F72-84BBFCF23B52}
	EndGlobalSection
EndGlobal
